
Microsoft Visual Studio Solution File, Format Version 12.00
# Visual Studio Version 16
VisualStudioVersion = 16.0.32510.428
MinimumVisualStudioVersion = 10.0.40219.1
Project("{FAE04EC0-301F-11D3-BF4B-00C04F79EFBC}") = "homework002", "homework002\homework002.csproj", "{51385B73-0552-40BE-8812-38932F4BDE78}"
EndProject
Global
	GlobalSection(SolutionConfigurationPlatforms) = preSolution
		Debug|Any CPU = Debug|Any CPU
		Release|Any CPU = Release|Any CPU
	EndGlobalSection
	GlobalSection(ProjectConfigurationPlatforms) = postSolution
		{51385B73-0552-40BE-8812-38932F4BDE78}.Debug|Any CPU.ActiveCfg = Debug|Any CPU
		{51385B73-0552-40BE-8812-38932F4BDE78}.Debug|Any CPU.Build.0 = Debug|Any CPU
		{51385B73-0552-40BE-8812-38932F4BDE78}.Release|Any CPU.ActiveCfg = Release|Any CPU
		{51385B73-0552-40BE-8812-38932F4BDE78}.Release|Any CPU.Build.0 = Release|Any CPU
	EndGlobalSection
	GlobalSection(SolutionProperties) = preSolution
		HideSolutionNode = FALSE
	EndGlobalSection
	GlobalSection(ExtensibilityGlobals) = postSolution
		SolutionGuid = {4AEF4468-9E8F-4498-8A24-20824F16E554}
	EndGlobalSection
EndGlobal
